
Microsoft Visual Studio Solution File, Format Version 12.00
# Visual Studio Version 17
VisualStudioVersion = 17.14.37216.2 d17.14
MinimumVisualStudioVersion = 10.0.40219.1
Project("{FAE04EC0-301F-11D3-BF4B-00C04F79EFBC}") = "19.2", "19.2\19.2.csproj", "{A219719B-DF46-4DDC-AC76-DF481E968A11}"
EndProject
Global
	GlobalSection(SolutionConfigurationPlatforms) = preSolution
		Debug|Any CPU = Debug|Any CPU
		Release|Any CPU = Release|Any CPU
	EndGlobalSection
	GlobalSection(ProjectConfigurationPlatforms) = postSolution
		{A219719B-DF46-4DDC-AC76-DF481E968A11}.Debug|Any CPU.ActiveCfg = Debug|Any CPU
		{A219719B-DF46-4DDC-AC76-DF481E968A11}.Debug|Any CPU.Build.0 = Debug|Any CPU
		{A219719B-DF46-4DDC-AC76-DF481E968A11}.Release|Any CPU.ActiveCfg = Release|Any CPU
		{A219719B-DF46-4DDC-AC76-DF481E968A11}.Release|Any CPU.Build.0 = Release|Any CPU
	EndGlobalSection
	GlobalSection(SolutionProperties) = preSolution
		HideSolutionNode = FALSE
	EndGlobalSection
	GlobalSection(ExtensibilityGlobals) = postSolution
		SolutionGuid = {61AEDE0A-B128-426A-BFCE-E37D880F01DA}
	EndGlobalSection
EndGlobal
